
Microsoft Visual Studio Solution File, Format Version 12.00
# Visual Studio Version 16
VisualStudioVersion = 16.0.32106.194
MinimumVisualStudioVersion = 10.0.40219.1
Project("{2150E333-8FDC-42A3-9474-1A3956D46DE8}") = "Application", "Application", "{C17A1A68-86F1-4C37-A75C-8C5716A32543}"
EndProject
Project("{2150E333-8FDC-42A3-9474-1A3956D46DE8}") = "Database", "Database", "{C21325FF-377A-45B7-BAAE-D9F1557FAAB1}"
EndProject
Project("{2150E333-8FDC-42A3-9474-1A3956D46DE8}") = "Common", "Common", "{A0CD5E6B-C94E-4C98-9F8E-ED65F984C2B7}"
EndProject
Project("{FAE04EC0-301F-11D3-BF4B-00C04F79EFBC}") = "SoftwareAPI", "application\SoftwareAPI\SoftwareAPI.csproj", "{8F9094A3-0828-45B7-900E-DBC6BAA25D24}"
	ProjectSection(ProjectDependencies) = postProject
		{C7803704-FBF5-4FAF-8D6B-292006D767B4} = {C7803704-FBF5-4FAF-8D6B-292006D767B4}
		{B04D4D2E-36DB-4CF4-B5F0-B25282378E02} = {B04D4D2E-36DB-4CF4-B5F0-B25282378E02}
		{F03E0C3E-ADCC-41DA-A9D6-630555CE0D6E} = {F03E0C3E-ADCC-41DA-A9D6-630555CE0D6E}
		{B5DF7769-DEB4-41CD-B31A-F8F25C43D4A5} = {B5DF7769-DEB4-41CD-B31A-F8F25C43D4A5}
		{5147D4E4-0BA1-4D46-996C-B0BA40602590} = {5147D4E4-0BA1-4D46-996C-B0BA40602590}
	EndProjectSection
EndProject
Project("{FAE04EC0-301F-11D3-BF4B-00C04F79EFBC}") = "SoftwareAPI.DTOs", "application\SoftwareAPI.DTOs\SoftwareAPI.DTOs.csproj", "{B5DF7769-DEB4-41CD-B31A-F8F25C43D4A5}"
EndProject
Project("{FAE04EC0-301F-11D3-BF4B-00C04F79EFBC}") = "SoftwareAPI.Services", "application\SoftwareAPI.Services\SoftwareAPI.Services.csproj", "{C7803704-FBF5-4FAF-8D6B-292006D767B4}"
EndProject
Project("{FAE04EC0-301F-11D3-BF4B-00C04F79EFBC}") = "SoftwareAPI.Common", "Common\SoftwareAPI.Common\SoftwareAPI.Common.csproj", "{5147D4E4-0BA1-4D46-996C-B0BA40602590}"
EndProject
Project("{FAE04EC0-301F-11D3-BF4B-00C04F79EFBC}") = "SoftwareAPI.Database", "Database\SoftwareAPI.Database\SoftwareAPI.Database.csproj", "{B04D4D2E-36DB-4CF4-B5F0-B25282378E02}"
EndProject
Project("{FAE04EC0-301F-11D3-BF4B-00C04F79EFBC}") = "SoftwareAPI.Database.Models", "Database\SoftwareAPI.Database.Models\SoftwareAPI.Database.Models.csproj", "{F0A207EB-F29E-4837-A9A8-580F86051797}"
EndProject
Project("{FAE04EC0-301F-11D3-BF4B-00C04F79EFBC}") = "SoftwareAPI.Database.Seed", "Database\SoftwareAPI.Database.Seed\SoftwareAPI.Database.Seed.csproj", "{F03E0C3E-ADCC-41DA-A9D6-630555CE0D6E}"
EndProject
Global
	GlobalSection(SolutionConfigurationPlatforms) = preSolution
		Debug|Any CPU = Debug|Any CPU
		Release|Any CPU = Release|Any CPU
	EndGlobalSection
	GlobalSection(ProjectConfigurationPlatforms) = postSolution
		{8F9094A3-0828-45B7-900E-DBC6BAA25D24}.Debug|Any CPU.ActiveCfg = Debug|Any CPU
		{8F9094A3-0828-45B7-900E-DBC6BAA25D24}.Debug|Any CPU.Build.0 = Debug|Any CPU
		{8F9094A3-0828-45B7-900E-DBC6BAA25D24}.Release|Any CPU.ActiveCfg = Release|Any CPU
		{8F9094A3-0828-45B7-900E-DBC6BAA25D24}.Release|Any CPU.Build.0 = Release|Any CPU
		{B5DF7769-DEB4-41CD-B31A-F8F25C43D4A5}.Debug|Any CPU.ActiveCfg = Debug|Any CPU
		{B5DF7769-DEB4-41CD-B31A-F8F25C43D4A5}.Debug|Any CPU.Build.0 = Debug|Any CPU
		{B5DF7769-DEB4-41CD-B31A-F8F25C43D4A5}.Release|Any CPU.ActiveCfg = Release|Any CPU
		{B5DF7769-DEB4-41CD-B31A-F8F25C43D4A5}.Release|Any CPU.Build.0 = Release|Any CPU
		{C7803704-FBF5-4FAF-8D6B-292006D767B4}.Debug|Any CPU.ActiveCfg = Debug|Any CPU
		{C7803704-FBF5-4FAF-8D6B-292006D767B4}.Debug|Any CPU.Build.0 = Debug|Any CPU
		{C7803704-FBF5-4FAF-8D6B-292006D767B4}.Release|Any CPU.ActiveCfg = Release|Any CPU
		{C7803704-FBF5-4FAF-8D6B-292006D767B4}.Release|Any CPU.Build.0 = Release|Any CPU
		{5147D4E4-0BA1-4D46-996C-B0BA40602590}.Debug|Any CPU.ActiveCfg = Debug|Any CPU
		{5147D4E4-0BA1-4D46-996C-B0BA40602590}.Debug|Any CPU.Build.0 = Debug|Any CPU
		{5147D4E4-0BA1-4D46-996C-B0BA40602590}.Release|Any CPU.ActiveCfg = Release|Any CPU
		{5147D4E4-0BA1-4D46-996C-B0BA40602590}.Release|Any CPU.Build.0 = Release|Any CPU
		{B04D4D2E-36DB-4CF4-B5F0-B25282378E02}.Debug|Any CPU.ActiveCfg = Debug|Any CPU
		{B04D4D2E-36DB-4CF4-B5F0-B25282378E02}.Debug|Any CPU.Build.0 = Debug|Any CPU
		{B04D4D2E-36DB-4CF4-B5F0-B25282378E02}.Release|Any CPU.ActiveCfg = Release|Any CPU
		{B04D4D2E-36DB-4CF4-B5F0-B25282378E02}.Release|Any CPU.Build.0 = Release|Any CPU
		{F0A207EB-F29E-4837-A9A8-580F86051797}.Debug|Any CPU.ActiveCfg = Debug|Any CPU
		{F0A207EB-F29E-4837-A9A8-580F86051797}.Debug|Any CPU.Build.0 = Debug|Any CPU
		{F0A207EB-F29E-4837-A9A8-580F86051797}.Release|Any CPU.ActiveCfg = Release|Any CPU
		{F0A207EB-F29E-4837-A9A8-580F86051797}.Release|Any CPU.Build.0 = Release|Any CPU
		{F03E0C3E-ADCC-41DA-A9D6-630555CE0D6E}.Debug|Any CPU.ActiveCfg = Debug|Any CPU
		{F03E0C3E-ADCC-41DA-A9D6-630555CE0D6E}.Debug|Any CPU.Build.0 = Debug|Any CPU
		{F03E0C3E-ADCC-41DA-A9D6-630555CE0D6E}.Release|Any CPU.ActiveCfg = Release|Any CPU
		{F03E0C3E-ADCC-41DA-A9D6-630555CE0D6E}.Release|Any CPU.Build.0 = Release|Any CPU
	EndGlobalSection
	GlobalSection(SolutionProperties) = preSolution
		HideSolutionNode = FALSE
	EndGlobalSection
	GlobalSection(NestedProjects) = preSolution
		{8F9094A3-0828-45B7-900E-DBC6BAA25D24} = {C17A1A68-86F1-4C37-A75C-8C5716A32543}
		{B5DF7769-DEB4-41CD-B31A-F8F25C43D4A5} = {C17A1A68-86F1-4C37-A75C-8C5716A32543}
		{C7803704-FBF5-4FAF-8D6B-292006D767B4} = {C17A1A68-86F1-4C37-A75C-8C5716A32543}
		{5147D4E4-0BA1-4D46-996C-B0BA40602590} = {A0CD5E6B-C94E-4C98-9F8E-ED65F984C2B7}
		{B04D4D2E-36DB-4CF4-B5F0-B25282378E02} = {C21325FF-377A-45B7-BAAE-D9F1557FAAB1}
		{F0A207EB-F29E-4837-A9A8-580F86051797} = {C21325FF-377A-45B7-BAAE-D9F1557FAAB1}
		{F03E0C3E-ADCC-41DA-A9D6-630555CE0D6E} = {C21325FF-377A-45B7-BAAE-D9F1557FAAB1}
	EndGlobalSection
	GlobalSection(ExtensibilityGlobals) = postSolution
		SolutionGuid = {E1C252AE-679A-4607-AA0B-7D80AE266490}
	EndGlobalSection
EndGlobal
